#MicroXplorer Configuration settings - do not modify
Mcu.Family=STM32F7
ProjectManager.MainLocation=Core/Src
RCC.I2SFreq_Value=96000000
ProjectManager.ProjectFileName=F767ZI_NBTLength.ioc
RCC.SAI1Freq_Value=96000000
RCC.UART7Freq_Value=16000000
ProjectManager.KeepUserCode=true
Mcu.UserName=STM32F767ZITx
Mcu.PinsNb=8
ProjectManager.NoMain=false
RCC.PLLCLKFreq_Value=96000000
RCC.PLLQCLKFreq_Value=96000000
ProjectManager.functionlistsort=1-MX_GPIO_Init-GPIO-false-HAL-true,2-SystemClock_Config-RCC-false-HAL-false,3-MX_TIM6_Init-TIM6-false-HAL-true,4-MX_USART3_UART_Init-USART3-false-HAL-true,0-MX_CORTEX_M7_Init-CORTEX_M7-false-HAL-true
TIM6.Prescaler=16-1
VP_TIM6_VS_ClockSourceINT.Mode=Enable_Timer
PD8.Locked=true
ProjectManager.DefaultFWLocation=true
PB0.GPIO_Label=IGreen
PD9.Signal=USART3_RX
RCC.PLLI2SRCLKFreq_Value=96000000
RCC.USART2Freq_Value=16000000
ProjectManager.DeletePrevious=true
RCC.UART8Freq_Value=16000000
PD9.Mode=Asynchronous
PinOutPanel.RotationAngle=0
RCC.FamilyName=M
ProjectManager.StackSize=0x400
VP_TIM6_VS_ClockSourceINT.Signal=TIM6_VS_ClockSourceINT
USART3.VirtualMode-Asynchronous=VM_ASYNC
RCC.LPTIM1Freq_Value=16000000
RCC.I2C3Freq_Value=16000000
PA13.Signal=SYS_JTMS-SWDIO
Mcu.IP4=TIM6
Mcu.IP5=USART3
NVIC.SVCall_IRQn=true\:0\:0\:false\:false\:true\:false\:false
Mcu.IP2=RCC
Mcu.IP3=SYS
Mcu.IP0=CORTEX_M7
Mcu.IP1=NVIC
TIM6.IPParameters=Prescaler,Period
Mcu.UserConstants=
ProjectManager.TargetToolchain=STM32CubeIDE
RCC.LCDTFTFreq_Value=48000000
RCC.SDMMCFreq_Value=16000000
Mcu.ThirdPartyNb=0
PB7.GPIOParameters=GPIO_Label
RCC.I2C4Freq_Value=16000000
Mcu.IPNb=6
ProjectManager.PreviousToolchain=STM32CubeIDE
RCC.SPDIFRXFreq_Value=96000000
Mcu.Pin6=VP_SYS_VS_Systick
RCC.SAI2Freq_Value=96000000
PD8.Signal=USART3_TX
Mcu.Pin7=VP_TIM6_VS_ClockSourceINT
ProjectManager.RegisterCallBack=
RCC.USBFreq_Value=96000000
RCC.VCOSAIOutputFreq_Value=192000000
RCC.PLLSAIoutputFreq_Value=96000000
RCC.LSE_VALUE=32768
PD8.Mode=Asynchronous
Mcu.Pin0=PB0
Mcu.Pin1=PD8
GPIO.groupedBy=Group By Peripherals
Mcu.Pin2=PD9
Mcu.Pin3=PA13
RCC.USART3Freq_Value=16000000
Mcu.Pin4=PA14
RCC.VCOI2SOutputFreq_Value=192000000
Mcu.Pin5=PB7
RCC.PLLSAIRCLKFreq_Value=96000000
ProjectManager.ProjectBuild=false
RCC.HSE_VALUE=25000000
NVIC.UsageFault_IRQn=true\:0\:0\:false\:false\:true\:false\:false
NVIC.DebugMonitor_IRQn=true\:0\:0\:false\:false\:true\:false\:false
RCC.PLLSAIPCLKFreq_Value=96000000
board=custom
RCC.VCOOutputFreq_Value=192000000
NVIC.SysTick_IRQn=true\:0\:0\:false\:false\:true\:false\:true
ProjectManager.LastFirmware=true
ProjectManager.FirmwarePackage=STM32Cube FW_F7 V1.16.0
MxDb.Version=DB.6.0.10
PB0.GPIOParameters=GPIO_Label
RCC.UART4Freq_Value=16000000
ProjectManager.BackupPrevious=false
MxCube.Version=6.1.1
RCC.VCOInputFreq_Value=1000000
RCC.I2C1Freq_Value=16000000
RCC.PLLI2SPCLKFreq_Value=96000000
RCC.RNGFreq_Value=96000000
File.Version=6
VP_SYS_VS_Systick.Mode=SysTick
PB7.Signal=GPIO_Output
NVIC.NonMaskableInt_IRQn=true\:0\:0\:false\:false\:true\:false\:false
NVIC.PendSV_IRQn=true\:0\:0\:false\:false\:true\:false\:false
TIM6.Period=65535-1
RCC.UART5Freq_Value=16000000
ProjectManager.FreePins=false
RCC.IPParameters=APB1Freq_Value,APB1TimFreq_Value,CECFreq_Value,DFSDMFreq_Value,FamilyName,HSE_VALUE,HSI_VALUE,I2C1Freq_Value,I2C2Freq_Value,I2C3Freq_Value,I2C4Freq_Value,I2SFreq_Value,LCDTFTFreq_Value,LPTIM1Freq_Value,LSE_VALUE,LSI_VALUE,PLLCLKFreq_Value,PLLI2SPCLKFreq_Value,PLLI2SQCLKFreq_Value,PLLI2SRCLKFreq_Value,PLLQCLKFreq_Value,PLLSAIPCLKFreq_Value,PLLSAIQCLKFreq_Value,PLLSAIRCLKFreq_Value,PLLSAIoutputFreq_Value,RNGFreq_Value,SAI1Freq_Value,SAI2Freq_Value,SDMMC2Freq_Value,SDMMCFreq_Value,SPDIFRXFreq_Value,UART4Freq_Value,UART5Freq_Value,UART7Freq_Value,UART8Freq_Value,USART2Freq_Value,USART3Freq_Value,USBFreq_Value,VCOI2SOutputFreq_Value,VCOInputFreq_Value,VCOOutputFreq_Value,VCOSAIOutputFreq_Value
ProjectManager.AskForMigrate=true
Mcu.Name=STM32F767ZITx
RCC.PLLI2SQCLKFreq_Value=96000000
ProjectManager.HalAssertFull=false
PB0.Locked=true
ProjectManager.ProjectName=F767ZI_NBTLength
ProjectManager.UnderRoot=true
ProjectManager.CoupleFile=false
PB7.GPIO_Label=IBlue
Mcu.Package=LQFP144
NVIC.ForceEnableDMAVector=true
KeepUserPlacement=false
NVIC.MemoryManagement_IRQn=true\:0\:0\:false\:false\:true\:false\:false
PA13.Locked=true
PA14.Locked=true
ProjectManager.CompilerOptimize=6
ProjectManager.ToolChainLocation=
RCC.LSI_VALUE=32000
VP_SYS_VS_Systick.Signal=SYS_VS_Systick
USART3.IPParameters=VirtualMode-Asynchronous
PA14.Signal=SYS_JTCK-SWCLK
ProjectManager.HeapSize=0x200
NVIC.HardFault_IRQn=true\:0\:0\:false\:false\:true\:false\:false
RCC.DFSDMFreq_Value=16000000
ProjectManager.ComputerToolchain=false
RCC.HSI_VALUE=16000000
NVIC.PriorityGroup=NVIC_PRIORITYGROUP_4
RCC.CECFreq_Value=32786.88524590164
PB7.Locked=true
RCC.APB1TimFreq_Value=16000000
NVIC.BusFault_IRQn=true\:0\:0\:false\:false\:true\:false\:false
RCC.I2C2Freq_Value=16000000
RCC.SDMMC2Freq_Value=16000000
PD9.Locked=true
RCC.APB1Freq_Value=16000000
PB0.Signal=GPIO_Output
ProjectManager.CustomerFirmwarePackage=
ProjectManager.DeviceId=STM32F767ZITx
ProjectManager.LibraryCopy=1
RCC.PLLSAIQCLKFreq_Value=96000000
